
Microsoft Visual Studio Solution File, Format Version 12.00
# Visual Studio Version 17
VisualStudioVersion = 17.0.32126.317
MinimumVisualStudioVersion = 10.0.40219.1
Project("{FAE04EC0-301F-11D3-BF4B-00C04F79EFBC}") = "WpfApp3", "WpfApp3\WpfApp3.csproj", "{A68DB824-7B66-4552-8116-81A9C31F172C}"
EndProject
Global
	GlobalSection(SolutionConfigurationPlatforms) = preSolution
		Debug|Any CPU = Debug|Any CPU
		Release|Any CPU = Release|Any CPU
	EndGlobalSection
	GlobalSection(ProjectConfigurationPlatforms) = postSolution
		{A68DB824-7B66-4552-8116-81A9C31F172C}.Debug|Any CPU.ActiveCfg = Debug|Any CPU
		{A68DB824-7B66-4552-8116-81A9C31F172C}.Debug|Any CPU.Build.0 = Debug|Any CPU
		{A68DB824-7B66-4552-8116-81A9C31F172C}.Release|Any CPU.ActiveCfg = Release|Any CPU
		{A68DB824-7B66-4552-8116-81A9C31F172C}.Release|Any CPU.Build.0 = Release|Any CPU
	EndGlobalSection
	GlobalSection(SolutionProperties) = preSolution
		HideSolutionNode = FALSE
	EndGlobalSection
	GlobalSection(ExtensibilityGlobals) = postSolution
		SolutionGuid = {08C46496-135F-441E-949D-F5E98FCDD464}
	EndGlobalSection
EndGlobal
